
Microsoft Visual Studio Solution File, Format Version 12.00
# Visual Studio 2013
Project("{FAE04EC0-301F-11D3-BF4B-00C04F79EFBC}") = "UnityVS.HTNTest.CSharp", "UnityVS.HTNTest.CSharp.csproj", "{98F13138-42A5-4BEA-C649-982667FB83DC}"
EndProject
Project("{FAE04EC0-301F-11D3-BF4B-00C04F79EFBC}") = "UnityVS.HTNTest.CSharp.Editor", "UnityVS.HTNTest.CSharp.Editor.csproj", "{DF2189E3-8B98-C486-F3CC-804C0F0CD756}"
EndProject
Project("{FAE04EC0-301F-11D3-BF4B-00C04F79EFBC}") = "UnityVS.HTNTest.CSharp.Plugins", "UnityVS.HTNTest.CSharp.Plugins.csproj", "{B982E8B9-9ECB-AC09-4162-7E8365F9740C}"
EndProject
Global
	GlobalSection(SolutionConfigurationPlatforms) = preSolution
		Debug|Any CPU = Debug|Any CPU
		Release|Any CPU = Release|Any CPU
	EndGlobalSection
	GlobalSection(ProjectConfigurationPlatforms) = postSolution
		{98F13138-42A5-4BEA-C649-982667FB83DC}.Debug|Any CPU.ActiveCfg = Debug|Any CPU
		{98F13138-42A5-4BEA-C649-982667FB83DC}.Debug|Any CPU.Build.0 = Debug|Any CPU
		{98F13138-42A5-4BEA-C649-982667FB83DC}.Release|Any CPU.ActiveCfg = Release|Any CPU
		{98F13138-42A5-4BEA-C649-982667FB83DC}.Release|Any CPU.Build.0 = Release|Any CPU
		{DF2189E3-8B98-C486-F3CC-804C0F0CD756}.Debug|Any CPU.ActiveCfg = Debug|Any CPU
		{DF2189E3-8B98-C486-F3CC-804C0F0CD756}.Debug|Any CPU.Build.0 = Debug|Any CPU
		{DF2189E3-8B98-C486-F3CC-804C0F0CD756}.Release|Any CPU.ActiveCfg = Release|Any CPU
		{DF2189E3-8B98-C486-F3CC-804C0F0CD756}.Release|Any CPU.Build.0 = Release|Any CPU
		{B982E8B9-9ECB-AC09-4162-7E8365F9740C}.Debug|Any CPU.ActiveCfg = Debug|Any CPU
		{B982E8B9-9ECB-AC09-4162-7E8365F9740C}.Debug|Any CPU.Build.0 = Debug|Any CPU
		{B982E8B9-9ECB-AC09-4162-7E8365F9740C}.Release|Any CPU.ActiveCfg = Release|Any CPU
		{B982E8B9-9ECB-AC09-4162-7E8365F9740C}.Release|Any CPU.Build.0 = Release|Any CPU
	EndGlobalSection
	GlobalSection(SolutionProperties) = preSolution
		HideSolutionNode = FALSE
	EndGlobalSection
EndGlobal
